
Microsoft Visual Studio Solution File, Format Version 12.00
Project("{FAE04EC0-301F-11D3-BF4B-00C04F79EFBC}") = "Client", "Client\Client.csproj", "{C8167838-5117-47AA-A12E-C659B33F0971}"
EndProject
Project("{FAE04EC0-301F-11D3-BF4B-00C04F79EFBC}") = "Bgfx", "Bgfx\Bgfx.csproj", "{6C1785FB-D2F3-463C-AE7F-FBAAFA948DD8}"
EndProject
Global
	GlobalSection(SolutionConfigurationPlatforms) = preSolution
		Debug|Any CPU = Debug|Any CPU
		Release|Any CPU = Release|Any CPU
	EndGlobalSection
	GlobalSection(ProjectConfigurationPlatforms) = postSolution
		{C8167838-5117-47AA-A12E-C659B33F0971}.Debug|Any CPU.ActiveCfg = Debug|Any CPU
		{C8167838-5117-47AA-A12E-C659B33F0971}.Debug|Any CPU.Build.0 = Debug|Any CPU
		{C8167838-5117-47AA-A12E-C659B33F0971}.Release|Any CPU.ActiveCfg = Release|Any CPU
		{C8167838-5117-47AA-A12E-C659B33F0971}.Release|Any CPU.Build.0 = Release|Any CPU
		{6C1785FB-D2F3-463C-AE7F-FBAAFA948DD8}.Debug|Any CPU.ActiveCfg = Debug|Any CPU
		{6C1785FB-D2F3-463C-AE7F-FBAAFA948DD8}.Debug|Any CPU.Build.0 = Debug|Any CPU
		{6C1785FB-D2F3-463C-AE7F-FBAAFA948DD8}.Release|Any CPU.ActiveCfg = Release|Any CPU
		{6C1785FB-D2F3-463C-AE7F-FBAAFA948DD8}.Release|Any CPU.Build.0 = Release|Any CPU
	EndGlobalSection
EndGlobal
